{
  "name": "probot",
  "version": "1.0.0",
  "lockfileVersion": 1,
  "requires": true,
  "dependencies": {
    "@probot/serverless-lambda": {
      "version": "0.3.0",
      "resolved": "https://registry.npmjs.org/@probot/serverless-lambda/-/serverless-lambda-0.3.0.tgz",
      "integrity": "sha512-fJmZwuCs0Z0G4L0ZI/e5WROb8z355Y9VUUHyDeDcH46DEbHa5HFrw8Ulx3DoWz7iYO36dNXOkjA6E+aik6yRLw=="
    }
  }
}
